
Microsoft Visual Studio Solution File, Format Version 12.00
# Visual Studio Version 16
VisualStudioVersion = 16.0.31205.134
MinimumVisualStudioVersion = 10.0.40219.1
Project("{FAE04EC0-301F-11D3-BF4B-00C04F79EFBC}") = "DiceRollerApi", "DiceRollerApi\DiceRollerApi.csproj", "{2D0BB501-CF10-47C9-8681-D72420ADA089}"
EndProject
Global
	GlobalSection(SolutionConfigurationPlatforms) = preSolution
		Debug|Any CPU = Debug|Any CPU
		Release|Any CPU = Release|Any CPU
	EndGlobalSection
	GlobalSection(ProjectConfigurationPlatforms) = postSolution
		{2D0BB501-CF10-47C9-8681-D72420ADA089}.Debug|Any CPU.ActiveCfg = Debug|Any CPU
		{2D0BB501-CF10-47C9-8681-D72420ADA089}.Debug|Any CPU.Build.0 = Debug|Any CPU
		{2D0BB501-CF10-47C9-8681-D72420ADA089}.Release|Any CPU.ActiveCfg = Release|Any CPU
		{2D0BB501-CF10-47C9-8681-D72420ADA089}.Release|Any CPU.Build.0 = Release|Any CPU
	EndGlobalSection
	GlobalSection(SolutionProperties) = preSolution
		HideSolutionNode = FALSE
	EndGlobalSection
	GlobalSection(ExtensibilityGlobals) = postSolution
		SolutionGuid = {D28ADBA0-E7B5-465D-9F55-039F3D211576}
	EndGlobalSection
EndGlobal
