
Microsoft Visual Studio Solution File, Format Version 12.00
# Visual Studio Version 16
VisualStudioVersion = 16.0.31205.134
MinimumVisualStudioVersion = 10.0.40219.1
Project("{9A19103F-16F7-4668-BE54-9A1E7A4F7556}") = "AutoDiceRoller", "AutoDiceRoller\AutoDiceRoller.csproj", "{23622CB4-4028-4B1E-9D9D-9FE039315744}"
EndProject
Project("{9A19103F-16F7-4668-BE54-9A1E7A4F7556}") = "DiceRollerApi", "..\DiceRollerApi\DiceRollerApi\DiceRollerApi.csproj", "{64ABE320-5DA5-42ED-8512-F050C76AC02B}"
EndProject
Project("{00D1A9C2-B5F0-4AF3-8072-F6C62B433612}") = "DiceRollerDB", "DiceRollerDB\DiceRollerDB\DiceRollerDB.sqlproj", "{6B6FF401-977E-48C0-B604-544ADEFC555E}"
EndProject
Global
	GlobalSection(SolutionConfigurationPlatforms) = preSolution
		Debug|Any CPU = Debug|Any CPU
		Release|Any CPU = Release|Any CPU
	EndGlobalSection
	GlobalSection(ProjectConfigurationPlatforms) = postSolution
		{23622CB4-4028-4B1E-9D9D-9FE039315744}.Debug|Any CPU.ActiveCfg = Debug|Any CPU
		{23622CB4-4028-4B1E-9D9D-9FE039315744}.Debug|Any CPU.Build.0 = Debug|Any CPU
		{23622CB4-4028-4B1E-9D9D-9FE039315744}.Release|Any CPU.ActiveCfg = Release|Any CPU
		{23622CB4-4028-4B1E-9D9D-9FE039315744}.Release|Any CPU.Build.0 = Release|Any CPU
		{64ABE320-5DA5-42ED-8512-F050C76AC02B}.Debug|Any CPU.ActiveCfg = Debug|Any CPU
		{64ABE320-5DA5-42ED-8512-F050C76AC02B}.Debug|Any CPU.Build.0 = Debug|Any CPU
		{64ABE320-5DA5-42ED-8512-F050C76AC02B}.Release|Any CPU.ActiveCfg = Release|Any CPU
		{64ABE320-5DA5-42ED-8512-F050C76AC02B}.Release|Any CPU.Build.0 = Release|Any CPU
		{6B6FF401-977E-48C0-B604-544ADEFC555E}.Debug|Any CPU.ActiveCfg = Debug|Any CPU
		{6B6FF401-977E-48C0-B604-544ADEFC555E}.Debug|Any CPU.Build.0 = Debug|Any CPU
		{6B6FF401-977E-48C0-B604-544ADEFC555E}.Debug|Any CPU.Deploy.0 = Debug|Any CPU
		{6B6FF401-977E-48C0-B604-544ADEFC555E}.Release|Any CPU.ActiveCfg = Release|Any CPU
		{6B6FF401-977E-48C0-B604-544ADEFC555E}.Release|Any CPU.Build.0 = Release|Any CPU
		{6B6FF401-977E-48C0-B604-544ADEFC555E}.Release|Any CPU.Deploy.0 = Release|Any CPU
	EndGlobalSection
	GlobalSection(SolutionProperties) = preSolution
		HideSolutionNode = FALSE
	EndGlobalSection
	GlobalSection(ExtensibilityGlobals) = postSolution
		SolutionGuid = {2B67891E-0299-4D82-AF28-9B2FC9E2CBEF}
	EndGlobalSection
EndGlobal
